
Microsoft Visual Studio Solution File, Format Version 12.00
# Visual Studio 15
VisualStudioVersion = 15.0.26730.3
MinimumVisualStudioVersion = 10.0.40219.1
Project("{FAE04EC0-301F-11D3-BF4B-00C04F79EFBC}") = "PassControl", "PassControl\PassControl.csproj", "{2D2C60A8-4C61-4892-B67C-F30224B90FE4}"
EndProject
Global
	GlobalSection(SolutionConfigurationPlatforms) = preSolution
		Debug|Any CPU = Debug|Any CPU
		Release|Any CPU = Release|Any CPU
	EndGlobalSection
	GlobalSection(ProjectConfigurationPlatforms) = postSolution
		{2D2C60A8-4C61-4892-B67C-F30224B90FE4}.Debug|Any CPU.ActiveCfg = Debug|Any CPU
		{2D2C60A8-4C61-4892-B67C-F30224B90FE4}.Debug|Any CPU.Build.0 = Debug|Any CPU
		{2D2C60A8-4C61-4892-B67C-F30224B90FE4}.Release|Any CPU.ActiveCfg = Release|Any CPU
		{2D2C60A8-4C61-4892-B67C-F30224B90FE4}.Release|Any CPU.Build.0 = Release|Any CPU
	EndGlobalSection
	GlobalSection(SolutionProperties) = preSolution
		HideSolutionNode = FALSE
	EndGlobalSection
	GlobalSection(ExtensibilityGlobals) = postSolution
		SolutionGuid = {58214E1D-5A35-4B68-B0AB-D7137B89B905}
	EndGlobalSection
EndGlobal
